<?xml version="1.0" encoding="utf-8"?>
<Project ToolsVersion="17.0" xmlns="http://schemas.microsoft.com/developer/msbuild/2003">
  <ItemGroup>
    <CustomBuild Include="C:\Users\Francy33\Usaneo\CMakeFiles\9bf33842c7680ebf3df8b8f781a5c5ed\generate.stamp.rule">
      <Filter>CMake Rules</Filter>
    </CustomBuild>
  </ItemGroup>
  <ItemGroup>
    <Filter Include="CMake Rules">
      <UniqueIdentifier>{587F84C8-78E2-3570-B2F7-90B0C9FAFD20}</UniqueIdentifier>
    </Filter>
  </ItemGroup>
</Project>
